// !$*UTF8*$!
{
	archiveVersion = 1;
	classes = {
	};
	objectVersion = 50;
	objects = {

/* Begin PBXBuildFile section */
		9F7F673420AE1EBA0045BBD4 /* AppDelegate.swift in Sources */ = {isa = PBXBuildFile; fileRef = 9F7F673320AE1EBA0045BBD4 /* AppDelegate.swift */; };
		9F7F673620AE1EBA0045BBD4 /* ViewController.swift in Sources */ = {isa = PBXBuildFile; fileRef = 9F7F673520AE1EBA0045BBD4 /* ViewController.swift */; };
		9F7F673920AE1EBA0045BBD4 /* Main.storyboard in Resources */ = {isa = PBXBuildFile; fileRef = 9F7F673720AE1EBA0045BBD4 /* Main.storyboard */; };
		9F7F673B20AE1EBC0045BBD4 /* Assets.xcassets in Resources */ = {isa = PBXBuildFile; fileRef = 9F7F673A20AE1EBC0045BBD4 /* Assets.xcassets */; };
		9F7F673E20AE1EBC0045BBD4 /* LaunchScreen.storyboard in Resources */ = {isa = PBXBuildFile; fileRef = 9F7F673C20AE1EBC0045BBD4 /* LaunchScreen.storyboard */; };
		9F7F674920AE23690045BBD4 /* LicensePlateModel.swift in Sources */ = {isa = PBXBuildFile; fileRef = 9F7F674820AE23690045BBD4 /* LicensePlateModel.swift */; };
		9F7F674D20AE291E0045BBD4 /* String.swift in Sources */ = {isa = PBXBuildFile; fileRef = 9F7F674C20AE291E0045BBD4 /* String.swift */; };
/* End PBXBuildFile section */

/* Begin PBXFileReference section */
		9F7F673020AE1EBA0045BBD4 /* Fines.app */ = {isa = PBXFileReference; explicitFileType = wrapper.application; includeInIndex = 0; path = Fines.app; sourceTree = BUILT_PRODUCTS_DIR; };
		9F7F673320AE1EBA0045BBD4 /* AppDelegate.swift */ = {isa = PBXFileReference; lastKnownFileType = sourcecode.swift; path = AppDelegate.swift; sourceTree = "<group>"; };
		9F7F673520AE1EBA0045BBD4 /* ViewController.swift */ = {isa = PBXFileReference; lastKnownFileType = sourcecode.swift; path = ViewController.swift; sourceTree = "<group>"; };
		9F7F673820AE1EBA0045BBD4 /* Base */ = {isa = PBXFileReference; lastKnownFileType = file.storyboard; name = Base; path = Base.lproj/Main.storyboard; sourceTree = "<group>"; };
		9F7F673A20AE1EBC0045BBD4 /* Assets.xcassets */ = {isa = PBXFileReference; lastKnownFileType = folder.assetcatalog; path = Assets.xcassets; sourceTree = "<group>"; };
		9F7F673D20AE1EBC0045BBD4 /* Base */ = {isa = PBXFileReference; lastKnownFileType = file.storyboard; name = Base; path = Base.lproj/LaunchScreen.storyboard; sourceTree = "<group>"; };
		9F7F673F20AE1EBC0045BBD4 /* Info.plist */ = {isa = PBXFileReference; lastKnownFileType = text.plist.xml; path = Info.plist; sourceTree = "<group>"; };
		9F7F674820AE23690045BBD4 /* LicensePlateModel.swift */ = {isa = PBXFileReference; lastKnownFileType = sourcecode.swift; path = LicensePlateModel.swift; sourceTree = "<group>"; };
		9F7F674C20AE291E0045BBD4 /* String.swift */ = {isa = PBXFileReference; lastKnownFileType = sourcecode.swift; path = String.swift; sourceTree = "<group>"; };
/* End PBXFileReference section */

/* Begin PBXFrameworksBuildPhase section */
		9F7F672D20AE1EBA0045BBD4 /* Frameworks */ = {
			isa = PBXFrameworksBuildPhase;
			buildActionMask = 2147483647;
			files = (
			);
			runOnlyForDeploymentPostprocessing = 0;
		};
/* End PBXFrameworksBuildPhase section */

/* Begin PBXGroup section */
		9F7F672720AE1EBA0045BBD4 = {
			isa = PBXGroup;
			children = (
				9F7F673220AE1EBA0045BBD4 /* Fines */,
				9F7F673120AE1EBA0045BBD4 /* Products */,
			);
			sourceTree = "<group>";
		};
		9F7F673120AE1EBA0045BBD4 /* Products */ = {
			isa = PBXGroup;
			children = (
				9F7F673020AE1EBA0045BBD4 /* Fines.app */,
			);
			name = Products;
			sourceTree = "<group>";
		};
		9F7F673220AE1EBA0045BBD4 /* Fines */ = {
			isa = PBXGroup;
			children = (
				9F7F674A20AE29070045BBD4 /* Common */,
				9F7F674620AE22180045BBD4 /* Models */,
				9F7F674720AE22200045BBD4 /* Supporting files */,
			);
			path = Fines;
			sourceTree = "<group>";
		};
		9F7F674620AE22180045BBD4 /* Models */ = {
			isa = PBXGroup;
			children = (
				9F7F674820AE23690045BBD4 /* LicensePlateModel.swift */,
			);
			path = Models;
			sourceTree = "<group>";
		};
		9F7F674720AE22200045BBD4 /* Supporting files */ = {
			isa = PBXGroup;
			children = (
				9F7F673320AE1EBA0045BBD4 /* AppDelegate.swift */,
				9F7F673520AE1EBA0045BBD4 /* ViewController.swift */,
				9F7F673720AE1EBA0045BBD4 /* Main.storyboard */,
				9F7F673A20AE1EBC0045BBD4 /* Assets.xcassets */,
				9F7F673C20AE1EBC0045BBD4 /* LaunchScreen.storyboard */,
				9F7F673F20AE1EBC0045BBD4 /* Info.plist */,
			);
			path = "Supporting files";
			sourceTree = "<group>";
		};
		9F7F674A20AE29070045BBD4 /* Common */ = {
			isa = PBXGroup;
			children = (
				9F7F674B20AE29120045BBD4 /* Extensions */,
			);
			path = Common;
			sourceTree = "<group>";
		};
		9F7F674B20AE29120045BBD4 /* Extensions */ = {
			isa = PBXGroup;
			children = (
				9F7F674C20AE291E0045BBD4 /* String.swift */,
			);
			path = Extensions;
			sourceTree = "<group>";
		};
/* End PBXGroup section */

/* Begin PBXNativeTarget section */
		9F7F672F20AE1EBA0045BBD4 /* Fines */ = {
			isa = PBXNativeTarget;
			buildConfigurationList = 9F7F674220AE1EBC0045BBD4 /* Build configuration list for PBXNativeTarget "Fines" */;
			buildPhases = (
				9F7F672C20AE1EBA0045BBD4 /* Sources */,
				9F7F672D20AE1EBA0045BBD4 /* Frameworks */,
				9F7F672E20AE1EBA0045BBD4 /* Resources */,
			);
			buildRules = (
			);
			dependencies = (
			);
			name = Fines;
			productName = Fines;
			productReference = 9F7F673020AE1EBA0045BBD4 /* Fines.app */;
			productType = "com.apple.product-type.application";
		};
/* End PBXNativeTarget section */

/* Begin PBXProject section */
		9F7F672820AE1EBA0045BBD4 /* Project object */ = {
			isa = PBXProject;
			attributes = {
				LastSwiftUpdateCheck = 0930;
				LastUpgradeCheck = 0930;
				ORGANIZATIONNAME = "Владислав Пуличев";
				TargetAttributes = {
					9F7F672F20AE1EBA0045BBD4 = {
						CreatedOnToolsVersion = 9.3;
					};
				};
			};
			buildConfigurationList = 9F7F672B20AE1EBA0045BBD4 /* Build configuration list for PBXProject "Fines" */;
			compatibilityVersion = "Xcode 9.3";
			developmentRegion = en;
			hasScannedForEncodings = 0;
			knownRegions = (
				en,
				Base,
			);
			mainGroup = 9F7F672720AE1EBA0045BBD4;
			productRefGroup = 9F7F673120AE1EBA0045BBD4 /* Products */;
			projectDirPath = "";
			projectRoot = "";
			targets = (
				9F7F672F20AE1EBA0045BBD4 /* Fines */,
			);
		};
/* End PBXProject section */

/* Begin PBXResourcesBuildPhase section */
		9F7F672E20AE1EBA0045BBD4 /* Resources */ = {
			isa = PBXResourcesBuildPhase;
			buildActionMask = 2147483647;
			files = (
				9F7F673E20AE1EBC0045BBD4 /* LaunchScreen.storyboard in Resources */,
				9F7F673B20AE1EBC0045BBD4 /* Assets.xcassets in Resources */,
				9F7F673920AE1EBA0045BBD4 /* Main.storyboard in Resources */,
			);
			runOnlyForDeploymentPostprocessing = 0;
		};
/* End PBXResourcesBuildPhase section */

/* Begin PBXSourcesBuildPhase section */
		9F7F672C20AE1EBA0045BBD4 /* Sources */ = {
			isa = PBXSourcesBuildPhase;
			buildActionMask = 2147483647;
			files = (
				9F7F673620AE1EBA0045BBD4 /* ViewController.swift in Sources */,
				9F7F674920AE23690045BBD4 /* LicensePlateModel.swift in Sources */,
				9F7F674D20AE291E0045BBD4 /* String.swift in Sources */,
				9F7F673420AE1EBA0045BBD4 /* AppDelegate.swift in Sources */,
			);
			runOnlyForDeploymentPostprocessing = 0;
		};
/* End PBXSourcesBuildPhase section */

/* Begin PBXVariantGroup section */
		9F7F673720AE1EBA0045BBD4 /* Main.storyboard */ = {
			isa = PBXVariantGroup;
			children = (
				9F7F673820AE1EBA0045BBD4 /* Base */,
			);
			name = Main.storyboard;
			sourceTree = "<group>";
		};
		9F7F673C20AE1EBC0045BBD4 /* LaunchScreen.storyboard */ = {
			isa = PBXVariantGroup;
			children = (
				9F7F673D20AE1EBC0045BBD4 /* Base */,
			);
			name = LaunchScreen.storyboard;
			sourceTree = "<group>";
		};
/* End PBXVariantGroup section */

/* Begin XCBuildConfiguration section */
		9F7F674020AE1EBC0045BBD4 /* Debug */ = {
			isa = XCBuildConfiguration;
			buildSettings = {
				ALWAYS_SEARCH_USER_PATHS = NO;
				CLANG_ANALYZER_NONNULL = YES;
				CLANG_ANALYZER_NUMBER_OBJECT_CONVERSION = YES_AGGRESSIVE;
				CLANG_CXX_LANGUAGE_STANDARD = "gnu++14";
				CLANG_CXX_LIBRARY = "libc++";
				CLANG_ENABLE_MODULES = YES;
				CLANG_ENABLE_OBJC_ARC = YES;
				CLANG_ENABLE_OBJC_WEAK = YES;
				CLANG_WARN_BLOCK_CAPTURE_AUTORELEASING = YES;
				CLANG_WARN_BOOL_CONVERSION = YES;
				CLANG_WARN_COMMA = YES;
				CLANG_WARN_CONSTANT_CONVERSION = YES;
				CLANG_WARN_DEPRECATED_OBJC_IMPLEMENTATIONS = YES;
				CLANG_WARN_DIRECT_OBJC_ISA_USAGE = YES_ERROR;
				CLANG_WARN_DOCUMENTATION_COMMENTS = YES;
				CLANG_WARN_EMPTY_BODY = YES;
				CLANG_WARN_ENUM_CONVERSION = YES;
				CLANG_WARN_INFINITE_RECURSION = YES;
				CLANG_WARN_INT_CONVERSION = YES;
				CLANG_WARN_NON_LITERAL_NULL_CONVERSION = YES;
				CLANG_WARN_OBJC_IMPLICIT_RETAIN_SELF = YES;
				CLANG_WARN_OBJC_LITERAL_CONVERSION = YES;
				CLANG_WARN_OBJC_ROOT_CLASS = YES_ERROR;
				CLANG_WARN_RANGE_LOOP_ANALYSIS = YES;
				CLANG_WARN_STRICT_PROTOTYPES = YES;
				CLANG_WARN_SUSPICIOUS_MOVE = YES;
				CLANG_WARN_UNGUARDED_AVAILABILITY = YES_AGGRESSIVE;
				CLANG_WARN_UNREACHABLE_CODE = YES;
				CLANG_WARN__DUPLICATE_METHOD_MATCH = YES;
				CODE_SIGN_IDENTITY = "iPhone Developer";
				COPY_PHASE_STRIP = NO;
				DEBUG_INFORMATION_FORMAT = dwarf;
				ENABLE_STRICT_OBJC_MSGSEND = YES;
				ENABLE_TESTABILITY = YES;
				GCC_C_LANGUAGE_STANDARD = gnu11;
				GCC_DYNAMIC_NO_PIC = NO;
				GCC_NO_COMMON_BLOCKS = YES;
				GCC_OPTIMIZATION_LEVEL = 0;
				GCC_PREPROCESSOR_DEFINITIONS = (
					"DEBUG=1",
					"$(inherited)",
				);
				GCC_WARN_64_TO_32_BIT_CONVERSION = YES;
				GCC_WARN_ABOUT_RETURN_TYPE = YES_ERROR;
				GCC_WARN_UNDECLARED_SELECTOR = YES;
				GCC_WARN_UNINITIALIZED_AUTOS = YES_AGGRESSIVE;
				GCC_WARN_UNUSED_FUNCTION = YES;
				GCC_WARN_UNUSED_VARIABLE = YES;
				IPHONEOS_DEPLOYMENT_TARGET = 11.3;
				MTL_ENABLE_DEBUG_INFO = YES;
				ONLY_ACTIVE_ARCH = YES;
				SDKROOT = iphoneos;
				SWIFT_ACTIVE_COMPILATION_CONDITIONS = DEBUG;
				SWIFT_OPTIMIZATION_LEVEL = "-Onone";
			};
			name = Debug;
		};
		9F7F674120AE1EBC0045BBD4 /* Release */ = {
			isa = XCBuildConfiguration;
			buildSettings = {
				ALWAYS_SEARCH_USER_PATHS = NO;
				CLANG_ANALYZER_NONNULL = YES;
				CLANG_ANALYZER_NUMBER_OBJECT_CONVERSION = YES_AGGRESSIVE;
				CLANG_CXX_LANGUAGE_STANDARD = "gnu++14";
				CLANG_CXX_LIBRARY = "libc++";
				CLANG_ENABLE_MODULES = YES;
				CLANG_ENABLE_OBJC_ARC = YES;
				CLANG_ENABLE_OBJC_WEAK = YES;
				CLANG_WARN_BLOCK_CAPTURE_AUTORELEASING = YES;
				CLANG_WARN_BOOL_CONVERSION = YES;
				CLANG_WARN_COMMA = YES;
				CLANG_WARN_CONSTANT_CONVERSION = YES;
				CLANG_WARN_DEPRECATED_OBJC_IMPLEMENTATIONS = YES;
				CLANG_WARN_DIRECT_OBJC_ISA_USAGE = YES_ERROR;
				CLANG_WARN_DOCUMENTATION_COMMENTS = YES;
				CLANG_WARN_EMPTY_BODY = YES;
				CLANG_WARN_ENUM_CONVERSION = YES;
				CLANG_WARN_INFINITE_RECURSION = YES;
				CLANG_WARN_INT_CONVERSION = YES;
				CLANG_WARN_NON_LITERAL_NULL_CONVERSION = YES;
				CLANG_WARN_OBJC_IMPLICIT_RETAIN_SELF = YES;
				CLANG_WARN_OBJC_LITERAL_CONVERSION = YES;
				CLANG_WARN_OBJC_ROOT_CLASS = YES_ERROR;
				CLANG_WARN_RANGE_LOOP_ANALYSIS = YES;
				CLANG_WARN_STRICT_PROTOTYPES = YES;
				CLANG_WARN_SUSPICIOUS_MOVE = YES;
				CLANG_WARN_UNGUARDED_AVAILABILITY = YES_AGGRESSIVE;
				CLANG_WARN_UNREACHABLE_CODE = YES;
				CLANG_WARN__DUPLICATE_METHOD_MATCH = YES;
				CODE_SIGN_IDENTITY = "iPhone Developer";
				COPY_PHASE_STRIP = NO;
				DEBUG_INFORMATION_FORMAT = "dwarf-with-dsym";
				ENABLE_NS_ASSERTIONS = NO;
				ENABLE_STRICT_OBJC_MSGSEND = YES;
				GCC_C_LANGUAGE_STANDARD = gnu11;
				GCC_NO_COMMON_BLOCKS = YES;
				GCC_WARN_64_TO_32_BIT_CONVERSION = YES;
				GCC_WARN_ABOUT_RETURN_TYPE = YES_ERROR;
				GCC_WARN_UNDECLARED_SELECTOR = YES;
				GCC_WARN_UNINITIALIZED_AUTOS = YES_AGGRESSIVE;
				GCC_WARN_UNUSED_FUNCTION = YES;
				GCC_WARN_UNUSED_VARIABLE = YES;
				IPHONEOS_DEPLOYMENT_TARGET = 11.3;
				MTL_ENABLE_DEBUG_INFO = NO;
				SDKROOT = iphoneos;
				SWIFT_COMPILATION_MODE = wholemodule;
				SWIFT_OPTIMIZATION_LEVEL = "-O";
				VALIDATE_PRODUCT = YES;
			};
			name = Release;
		};
		9F7F674320AE1EBC0045BBD4 /* Debug */ = {
			isa = XCBuildConfiguration;
			buildSettings = {
				ASSETCATALOG_COMPILER_APPICON_NAME = AppIcon;
				CODE_SIGN_STYLE = Automatic;
				DEVELOPMENT_TEAM = D8RV5S3P38;
				INFOPLIST_FILE = "$(SRCROOT)/Fines/Supporting files/Info.plist";
				LD_RUNPATH_SEARCH_PATHS = (
					"$(inherited)",
					"@executable_path/Frameworks",
				);
				PRODUCT_BUNDLE_IDENTIFIER = com.vp.Fines;
				PRODUCT_NAME = "$(TARGET_NAME)";
				SWIFT_VERSION = 4.0;
				TARGETED_DEVICE_FAMILY = "1,2";
			};
			name = Debug;
		};
		9F7F674420AE1EBC0045BBD4 /* Release */ = {
			isa = XCBuildConfiguration;
			buildSettings = {
				ASSETCATALOG_COMPILER_APPICON_NAME = AppIcon;
				CODE_SIGN_STYLE = Automatic;
				DEVELOPMENT_TEAM = D8RV5S3P38;
				INFOPLIST_FILE = "$(SRCROOT)/Fines/Supporting files/Info.plist";
				LD_RUNPATH_SEARCH_PATHS = (
					"$(inherited)",
					"@executable_path/Frameworks",
				);
				PRODUCT_BUNDLE_IDENTIFIER = com.vp.Fines;
				PRODUCT_NAME = "$(TARGET_NAME)";
				SWIFT_VERSION = 4.0;
				TARGETED_DEVICE_FAMILY = "1,2";
			};
			name = Release;
		};
/* End XCBuildConfiguration section */

/* Begin XCConfigurationList section */
		9F7F672B20AE1EBA0045BBD4 /* Build configuration list for PBXProject "Fines" */ = {
			isa = XCConfigurationList;
			buildConfigurations = (
				9F7F674020AE1EBC0045BBD4 /* Debug */,
				9F7F674120AE1EBC0045BBD4 /* Release */,
			);
			defaultConfigurationIsVisible = 0;
			defaultConfigurationName = Release;
		};
		9F7F674220AE1EBC0045BBD4 /* Build configuration list for PBXNativeTarget "Fines" */ = {
			isa = XCConfigurationList;
			buildConfigurations = (
				9F7F674320AE1EBC0045BBD4 /* Debug */,
				9F7F674420AE1EBC0045BBD4 /* Release */,
			);
			defaultConfigurationIsVisible = 0;
			defaultConfigurationName = Release;
		};
/* End XCConfigurationList section */
	};
	rootObject = 9F7F672820AE1EBA0045BBD4 /* Project object */;
}
