// !$*UTF8*$!
{
	archiveVersion = 1;
	classes = {
	};
	objectVersion = 50;
	objects = {

/* Begin PBXBuildFile section */
		7862A2501B905717A6E1696E /* Pods_Fines.framework in Frameworks */ = {isa = PBXBuildFile; fileRef = FCF4A459ED90EC9C4C7013C8 /* Pods_Fines.framework */; };
		9F7F673420AE1EBA0045BBD4 /* AppDelegate.swift in Sources */ = {isa = PBXBuildFile; fileRef = 9F7F673320AE1EBA0045BBD4 /* AppDelegate.swift */; };
		9F7F673B20AE1EBC0045BBD4 /* Assets.xcassets in Resources */ = {isa = PBXBuildFile; fileRef = 9F7F673A20AE1EBC0045BBD4 /* Assets.xcassets */; };
		9F7F673E20AE1EBC0045BBD4 /* LaunchScreen.storyboard in Resources */ = {isa = PBXBuildFile; fileRef = 9F7F673C20AE1EBC0045BBD4 /* LaunchScreen.storyboard */; };
		9F7F674920AE23690045BBD4 /* LicensePlateValidator.swift in Sources */ = {isa = PBXBuildFile; fileRef = 9F7F674820AE23690045BBD4 /* LicensePlateValidator.swift */; };
		9F7F674D20AE291E0045BBD4 /* String.swift in Sources */ = {isa = PBXBuildFile; fileRef = 9F7F674C20AE291E0045BBD4 /* String.swift */; };
		9F7F674F20AE34970045BBD4 /* DriverLicenseValidator.swift in Sources */ = {isa = PBXBuildFile; fileRef = 9F7F674E20AE34970045BBD4 /* DriverLicenseValidator.swift */; };
		9F7F675320AEAFEF0045BBD4 /* Onboarding.storyboard in Resources */ = {isa = PBXBuildFile; fileRef = 9F7F675220AEAFEF0045BBD4 /* Onboarding.storyboard */; };
		9F7F675D20AEB1010045BBD4 /* Capabilities.storyboard in Resources */ = {isa = PBXBuildFile; fileRef = 9F7F675C20AEB1010045BBD4 /* Capabilities.storyboard */; };
		9F7F676020AEB17B0045BBD4 /* Router.swift in Sources */ = {isa = PBXBuildFile; fileRef = 9F7F675F20AEB17B0045BBD4 /* Router.swift */; };
		9F7F678320AF55930045BBD4 /* LicenseInfoEnteringViewController.swift in Sources */ = {isa = PBXBuildFile; fileRef = 9F7F678220AF55930045BBD4 /* LicenseInfoEnteringViewController.swift */; };
		9F7F678920AF587A0045BBD4 /* SF-Pro-Text-Semibold.otf in Resources */ = {isa = PBXBuildFile; fileRef = 9F7F678520AF58790045BBD4 /* SF-Pro-Text-Semibold.otf */; };
		9F7F678A20AF587A0045BBD4 /* SF-Pro-Text-Regular.otf in Resources */ = {isa = PBXBuildFile; fileRef = 9F7F678620AF587A0045BBD4 /* SF-Pro-Text-Regular.otf */; };
		9F7F678B20AF587A0045BBD4 /* SF-Pro-Text-Light.otf in Resources */ = {isa = PBXBuildFile; fileRef = 9F7F678720AF587A0045BBD4 /* SF-Pro-Text-Light.otf */; };
		9F7F678C20AF587A0045BBD4 /* SF-Pro-Text-Medium.otf in Resources */ = {isa = PBXBuildFile; fileRef = 9F7F678820AF587A0045BBD4 /* SF-Pro-Text-Medium.otf */; };
		9F7F678E20AF631E0045BBD4 /* LicenseInfoEnteringPresenter.swift in Sources */ = {isa = PBXBuildFile; fileRef = 9F7F678D20AF631E0045BBD4 /* LicenseInfoEnteringPresenter.swift */; };
		9FB0345D20B00DDD0019BD79 /* SwinjectAssembler.swift in Sources */ = {isa = PBXBuildFile; fileRef = 9FB0345C20B00DDD0019BD79 /* SwinjectAssembler.swift */; };
		9FB0345F20B00EAF0019BD79 /* OnboardingAssembly.swift in Sources */ = {isa = PBXBuildFile; fileRef = 9FB0345E20B00EAF0019BD79 /* OnboardingAssembly.swift */; };
		9FB0346120B00F710019BD79 /* ServicesAssembly.swift in Sources */ = {isa = PBXBuildFile; fileRef = 9FB0346020B00F710019BD79 /* ServicesAssembly.swift */; };
		9FB0346420B01D7C0019BD79 /* Assets.swift in Sources */ = {isa = PBXBuildFile; fileRef = 9FB0346320B01D7C0019BD79 /* Assets.swift */; };
		9FF6313820B04E1400B2444E /* LicenseEnteringVCUIInfo.swift in Sources */ = {isa = PBXBuildFile; fileRef = 9FF6313720B04E1400B2444E /* LicenseEnteringVCUIInfo.swift */; };
		9FF6313A20B0521E00B2444E /* CapabilitiesViewController.swift in Sources */ = {isa = PBXBuildFile; fileRef = 9FF6313920B0521E00B2444E /* CapabilitiesViewController.swift */; };
		9FF6313C20B05C6A00B2444E /* CapabilityViewController.swift in Sources */ = {isa = PBXBuildFile; fileRef = 9FF6313B20B05C6A00B2444E /* CapabilityViewController.swift */; };
		9FF6313E20B092FE00B2444E /* CapabilitiesDataSource.swift in Sources */ = {isa = PBXBuildFile; fileRef = 9FF6313D20B092FE00B2444E /* CapabilitiesDataSource.swift */; };
		9FF6314020B0A1D200B2444E /* CapabilitiesViewController+PageDelegates.swift in Sources */ = {isa = PBXBuildFile; fileRef = 9FF6313F20B0A1D200B2444E /* CapabilitiesViewController+PageDelegates.swift */; };
		9FF6314620B0B75A00B2444E /* HomePage.storyboard in Resources */ = {isa = PBXBuildFile; fileRef = 9FF6314520B0B75A00B2444E /* HomePage.storyboard */; };
		9FF6314820B0B78A00B2444E /* HomePageViewController.swift in Sources */ = {isa = PBXBuildFile; fileRef = 9FF6314720B0B78A00B2444E /* HomePageViewController.swift */; };
		9FF6314A20B0B7AA00B2444E /* HomePagePresenter.swift in Sources */ = {isa = PBXBuildFile; fileRef = 9FF6314920B0B7AA00B2444E /* HomePagePresenter.swift */; };
		9FF6314D20B0BA6600B2444E /* HomePageAssembly.swift in Sources */ = {isa = PBXBuildFile; fileRef = 9FF6314C20B0BA6600B2444E /* HomePageAssembly.swift */; };
		9FF6314F20B152EA00B2444E /* CapabilitiesAssembly.swift in Sources */ = {isa = PBXBuildFile; fileRef = 9FF6314E20B152EA00B2444E /* CapabilitiesAssembly.swift */; };
/* End PBXBuildFile section */

/* Begin PBXFileReference section */
		79B36CF1B78D774782A0F00A /* Pods-Fines.release.xcconfig */ = {isa = PBXFileReference; includeInIndex = 1; lastKnownFileType = text.xcconfig; name = "Pods-Fines.release.xcconfig"; path = "Pods/Target Support Files/Pods-Fines/Pods-Fines.release.xcconfig"; sourceTree = "<group>"; };
		9F7F673020AE1EBA0045BBD4 /* Fines.app */ = {isa = PBXFileReference; explicitFileType = wrapper.application; includeInIndex = 0; path = Fines.app; sourceTree = BUILT_PRODUCTS_DIR; };
		9F7F673320AE1EBA0045BBD4 /* AppDelegate.swift */ = {isa = PBXFileReference; lastKnownFileType = sourcecode.swift; path = AppDelegate.swift; sourceTree = "<group>"; };
		9F7F673A20AE1EBC0045BBD4 /* Assets.xcassets */ = {isa = PBXFileReference; lastKnownFileType = folder.assetcatalog; path = Assets.xcassets; sourceTree = "<group>"; };
		9F7F673D20AE1EBC0045BBD4 /* Base */ = {isa = PBXFileReference; lastKnownFileType = file.storyboard; name = Base; path = Base.lproj/LaunchScreen.storyboard; sourceTree = "<group>"; };
		9F7F673F20AE1EBC0045BBD4 /* Info.plist */ = {isa = PBXFileReference; lastKnownFileType = text.plist.xml; path = Info.plist; sourceTree = "<group>"; };
		9F7F674820AE23690045BBD4 /* LicensePlateValidator.swift */ = {isa = PBXFileReference; lastKnownFileType = sourcecode.swift; path = LicensePlateValidator.swift; sourceTree = "<group>"; };
		9F7F674C20AE291E0045BBD4 /* String.swift */ = {isa = PBXFileReference; lastKnownFileType = sourcecode.swift; path = String.swift; sourceTree = "<group>"; };
		9F7F674E20AE34970045BBD4 /* DriverLicenseValidator.swift */ = {isa = PBXFileReference; lastKnownFileType = sourcecode.swift; path = DriverLicenseValidator.swift; sourceTree = "<group>"; };
		9F7F675220AEAFEF0045BBD4 /* Onboarding.storyboard */ = {isa = PBXFileReference; lastKnownFileType = file.storyboard; path = Onboarding.storyboard; sourceTree = "<group>"; };
		9F7F675C20AEB1010045BBD4 /* Capabilities.storyboard */ = {isa = PBXFileReference; lastKnownFileType = file.storyboard; path = Capabilities.storyboard; sourceTree = "<group>"; };
		9F7F675F20AEB17B0045BBD4 /* Router.swift */ = {isa = PBXFileReference; lastKnownFileType = sourcecode.swift; path = Router.swift; sourceTree = "<group>"; };
		9F7F678220AF55930045BBD4 /* LicenseInfoEnteringViewController.swift */ = {isa = PBXFileReference; lastKnownFileType = sourcecode.swift; path = LicenseInfoEnteringViewController.swift; sourceTree = "<group>"; };
		9F7F678520AF58790045BBD4 /* SF-Pro-Text-Semibold.otf */ = {isa = PBXFileReference; lastKnownFileType = file; path = "SF-Pro-Text-Semibold.otf"; sourceTree = "<group>"; };
		9F7F678620AF587A0045BBD4 /* SF-Pro-Text-Regular.otf */ = {isa = PBXFileReference; lastKnownFileType = file; path = "SF-Pro-Text-Regular.otf"; sourceTree = "<group>"; };
		9F7F678720AF587A0045BBD4 /* SF-Pro-Text-Light.otf */ = {isa = PBXFileReference; lastKnownFileType = file; path = "SF-Pro-Text-Light.otf"; sourceTree = "<group>"; };
		9F7F678820AF587A0045BBD4 /* SF-Pro-Text-Medium.otf */ = {isa = PBXFileReference; lastKnownFileType = file; path = "SF-Pro-Text-Medium.otf"; sourceTree = "<group>"; };
		9F7F678D20AF631E0045BBD4 /* LicenseInfoEnteringPresenter.swift */ = {isa = PBXFileReference; lastKnownFileType = sourcecode.swift; path = LicenseInfoEnteringPresenter.swift; sourceTree = "<group>"; };
		9FB0345C20B00DDD0019BD79 /* SwinjectAssembler.swift */ = {isa = PBXFileReference; lastKnownFileType = sourcecode.swift; path = SwinjectAssembler.swift; sourceTree = "<group>"; };
		9FB0345E20B00EAF0019BD79 /* OnboardingAssembly.swift */ = {isa = PBXFileReference; lastKnownFileType = sourcecode.swift; path = OnboardingAssembly.swift; sourceTree = "<group>"; };
		9FB0346020B00F710019BD79 /* ServicesAssembly.swift */ = {isa = PBXFileReference; lastKnownFileType = sourcecode.swift; path = ServicesAssembly.swift; sourceTree = "<group>"; };
		9FB0346320B01D7C0019BD79 /* Assets.swift */ = {isa = PBXFileReference; lastKnownFileType = sourcecode.swift; path = Assets.swift; sourceTree = "<group>"; };
		9FF6313720B04E1400B2444E /* LicenseEnteringVCUIInfo.swift */ = {isa = PBXFileReference; lastKnownFileType = sourcecode.swift; path = LicenseEnteringVCUIInfo.swift; sourceTree = "<group>"; };
		9FF6313920B0521E00B2444E /* CapabilitiesViewController.swift */ = {isa = PBXFileReference; lastKnownFileType = sourcecode.swift; path = CapabilitiesViewController.swift; sourceTree = "<group>"; };
		9FF6313B20B05C6A00B2444E /* CapabilityViewController.swift */ = {isa = PBXFileReference; lastKnownFileType = sourcecode.swift; path = CapabilityViewController.swift; sourceTree = "<group>"; };
		9FF6313D20B092FE00B2444E /* CapabilitiesDataSource.swift */ = {isa = PBXFileReference; lastKnownFileType = sourcecode.swift; path = CapabilitiesDataSource.swift; sourceTree = "<group>"; };
		9FF6313F20B0A1D200B2444E /* CapabilitiesViewController+PageDelegates.swift */ = {isa = PBXFileReference; lastKnownFileType = sourcecode.swift; path = "CapabilitiesViewController+PageDelegates.swift"; sourceTree = "<group>"; };
		9FF6314520B0B75A00B2444E /* HomePage.storyboard */ = {isa = PBXFileReference; lastKnownFileType = file.storyboard; path = HomePage.storyboard; sourceTree = "<group>"; };
		9FF6314720B0B78A00B2444E /* HomePageViewController.swift */ = {isa = PBXFileReference; lastKnownFileType = sourcecode.swift; path = HomePageViewController.swift; sourceTree = "<group>"; };
		9FF6314920B0B7AA00B2444E /* HomePagePresenter.swift */ = {isa = PBXFileReference; lastKnownFileType = sourcecode.swift; path = HomePagePresenter.swift; sourceTree = "<group>"; };
		9FF6314C20B0BA6600B2444E /* HomePageAssembly.swift */ = {isa = PBXFileReference; lastKnownFileType = sourcecode.swift; path = HomePageAssembly.swift; sourceTree = "<group>"; };
		9FF6314E20B152EA00B2444E /* CapabilitiesAssembly.swift */ = {isa = PBXFileReference; lastKnownFileType = sourcecode.swift; path = CapabilitiesAssembly.swift; sourceTree = "<group>"; };
		B05735E6C6D22D608B6C071D /* Pods-Fines.debug.xcconfig */ = {isa = PBXFileReference; includeInIndex = 1; lastKnownFileType = text.xcconfig; name = "Pods-Fines.debug.xcconfig"; path = "Pods/Target Support Files/Pods-Fines/Pods-Fines.debug.xcconfig"; sourceTree = "<group>"; };
		FCF4A459ED90EC9C4C7013C8 /* Pods_Fines.framework */ = {isa = PBXFileReference; explicitFileType = wrapper.framework; includeInIndex = 0; path = Pods_Fines.framework; sourceTree = BUILT_PRODUCTS_DIR; };
/* End PBXFileReference section */

/* Begin PBXFrameworksBuildPhase section */
		9F7F672D20AE1EBA0045BBD4 /* Frameworks */ = {
			isa = PBXFrameworksBuildPhase;
			buildActionMask = 2147483647;
			files = (
				7862A2501B905717A6E1696E /* Pods_Fines.framework in Frameworks */,
			);
			runOnlyForDeploymentPostprocessing = 0;
		};
/* End PBXFrameworksBuildPhase section */

/* Begin PBXGroup section */
		5AA29BA7A36E3BBFFD042209 /* Frameworks */ = {
			isa = PBXGroup;
			children = (
				FCF4A459ED90EC9C4C7013C8 /* Pods_Fines.framework */,
			);
			name = Frameworks;
			sourceTree = "<group>";
		};
		6602662A5345F5575ABAD7E7 /* Pods */ = {
			isa = PBXGroup;
			children = (
				B05735E6C6D22D608B6C071D /* Pods-Fines.debug.xcconfig */,
				79B36CF1B78D774782A0F00A /* Pods-Fines.release.xcconfig */,
			);
			name = Pods;
			sourceTree = "<group>";
		};
		9F7F672720AE1EBA0045BBD4 = {
			isa = PBXGroup;
			children = (
				9F7F673220AE1EBA0045BBD4 /* Fines */,
				9F7F673120AE1EBA0045BBD4 /* Products */,
				6602662A5345F5575ABAD7E7 /* Pods */,
				5AA29BA7A36E3BBFFD042209 /* Frameworks */,
			);
			sourceTree = "<group>";
		};
		9F7F673120AE1EBA0045BBD4 /* Products */ = {
			isa = PBXGroup;
			children = (
				9F7F673020AE1EBA0045BBD4 /* Fines.app */,
			);
			name = Products;
			sourceTree = "<group>";
		};
		9F7F673220AE1EBA0045BBD4 /* Fines */ = {
			isa = PBXGroup;
			children = (
				9FB0345B20B00D8A0019BD79 /* Swinject */,
				9F7F675E20AEB1630045BBD4 /* Services */,
				9F7F674A20AE29070045BBD4 /* Common */,
				9F7F674620AE22180045BBD4 /* Models */,
				9F7F675120AEAF230045BBD4 /* Stories */,
				9F7F674720AE22200045BBD4 /* Supporting files */,
			);
			path = Fines;
			sourceTree = "<group>";
		};
		9F7F674620AE22180045BBD4 /* Models */ = {
			isa = PBXGroup;
			children = (
				9F7F674820AE23690045BBD4 /* LicensePlateValidator.swift */,
				9F7F674E20AE34970045BBD4 /* DriverLicenseValidator.swift */,
			);
			path = Models;
			sourceTree = "<group>";
		};
		9F7F674720AE22200045BBD4 /* Supporting files */ = {
			isa = PBXGroup;
			children = (
				9F7F678420AF58660045BBD4 /* Fonts */,
				9F7F673320AE1EBA0045BBD4 /* AppDelegate.swift */,
				9F7F673A20AE1EBC0045BBD4 /* Assets.xcassets */,
				9FB0346320B01D7C0019BD79 /* Assets.swift */,
				9F7F673C20AE1EBC0045BBD4 /* LaunchScreen.storyboard */,
				9F7F673F20AE1EBC0045BBD4 /* Info.plist */,
			);
			path = "Supporting files";
			sourceTree = "<group>";
		};
		9F7F674A20AE29070045BBD4 /* Common */ = {
			isa = PBXGroup;
			children = (
				9F7F674B20AE29120045BBD4 /* Extensions */,
			);
			path = Common;
			sourceTree = "<group>";
		};
		9F7F674B20AE29120045BBD4 /* Extensions */ = {
			isa = PBXGroup;
			children = (
				9F7F674C20AE291E0045BBD4 /* String.swift */,
			);
			path = Extensions;
			sourceTree = "<group>";
		};
		9F7F675120AEAF230045BBD4 /* Stories */ = {
			isa = PBXGroup;
			children = (
				9FF6314120B0B70900B2444E /* HomePage */,
				9F7F675820AEB0540045BBD4 /* Capabilities */,
				9F7F675420AEAFF30045BBD4 /* Onboarding */,
			);
			path = Stories;
			sourceTree = "<group>";
		};
		9F7F675420AEAFF30045BBD4 /* Onboarding */ = {
			isa = PBXGroup;
			children = (
				9F7F675520AEAFFA0045BBD4 /* Stroyboard */,
				9F7F675720AEB0190045BBD4 /* Logic */,
				9F7F675620AEB00D0045BBD4 /* View */,
				9FB0345E20B00EAF0019BD79 /* OnboardingAssembly.swift */,
			);
			path = Onboarding;
			sourceTree = "<group>";
		};
		9F7F675520AEAFFA0045BBD4 /* Stroyboard */ = {
			isa = PBXGroup;
			children = (
				9F7F675220AEAFEF0045BBD4 /* Onboarding.storyboard */,
			);
			path = Stroyboard;
			sourceTree = "<group>";
		};
		9F7F675620AEB00D0045BBD4 /* View */ = {
			isa = PBXGroup;
			children = (
				9F7F678220AF55930045BBD4 /* LicenseInfoEnteringViewController.swift */,
				9FF6313720B04E1400B2444E /* LicenseEnteringVCUIInfo.swift */,
			);
			path = View;
			sourceTree = "<group>";
		};
		9F7F675720AEB0190045BBD4 /* Logic */ = {
			isa = PBXGroup;
			children = (
				9F7F678D20AF631E0045BBD4 /* LicenseInfoEnteringPresenter.swift */,
			);
			path = Logic;
			sourceTree = "<group>";
		};
		9F7F675820AEB0540045BBD4 /* Capabilities */ = {
			isa = PBXGroup;
			children = (
				9F7F675920AEB0D10045BBD4 /* Storyboard */,
				9F7F675B20AEB0E50045BBD4 /* View */,
				9FF6314E20B152EA00B2444E /* CapabilitiesAssembly.swift */,
			);
			path = Capabilities;
			sourceTree = "<group>";
		};
		9F7F675920AEB0D10045BBD4 /* Storyboard */ = {
			isa = PBXGroup;
			children = (
				9F7F675C20AEB1010045BBD4 /* Capabilities.storyboard */,
			);
			path = Storyboard;
			sourceTree = "<group>";
		};
		9F7F675B20AEB0E50045BBD4 /* View */ = {
			isa = PBXGroup;
			children = (
				9FF6313920B0521E00B2444E /* CapabilitiesViewController.swift */,
				9FF6313F20B0A1D200B2444E /* CapabilitiesViewController+PageDelegates.swift */,
				9FF6313B20B05C6A00B2444E /* CapabilityViewController.swift */,
				9FF6313D20B092FE00B2444E /* CapabilitiesDataSource.swift */,
			);
			path = View;
			sourceTree = "<group>";
		};
		9F7F675E20AEB1630045BBD4 /* Services */ = {
			isa = PBXGroup;
			children = (
				9F7F675F20AEB17B0045BBD4 /* Router.swift */,
				9FB0346020B00F710019BD79 /* ServicesAssembly.swift */,
			);
			path = Services;
			sourceTree = "<group>";
		};
		9F7F678420AF58660045BBD4 /* Fonts */ = {
			isa = PBXGroup;
			children = (
				9F7F678720AF587A0045BBD4 /* SF-Pro-Text-Light.otf */,
				9F7F678820AF587A0045BBD4 /* SF-Pro-Text-Medium.otf */,
				9F7F678620AF587A0045BBD4 /* SF-Pro-Text-Regular.otf */,
				9F7F678520AF58790045BBD4 /* SF-Pro-Text-Semibold.otf */,
			);
			path = Fonts;
			sourceTree = "<group>";
		};
		9FB0345B20B00D8A0019BD79 /* Swinject */ = {
			isa = PBXGroup;
			children = (
				9FB0345C20B00DDD0019BD79 /* SwinjectAssembler.swift */,
			);
			path = Swinject;
			sourceTree = "<group>";
		};
		9FF6314120B0B70900B2444E /* HomePage */ = {
			isa = PBXGroup;
			children = (
				9FF6314220B0B72100B2444E /* Storyboard */,
				9FF6314320B0B72A00B2444E /* Logic */,
				9FF6314420B0B73400B2444E /* View */,
				9FF6314C20B0BA6600B2444E /* HomePageAssembly.swift */,
			);
			path = HomePage;
			sourceTree = "<group>";
		};
		9FF6314220B0B72100B2444E /* Storyboard */ = {
			isa = PBXGroup;
			children = (
				9FF6314520B0B75A00B2444E /* HomePage.storyboard */,
			);
			path = Storyboard;
			sourceTree = "<group>";
		};
		9FF6314320B0B72A00B2444E /* Logic */ = {
			isa = PBXGroup;
			children = (
				9FF6314920B0B7AA00B2444E /* HomePagePresenter.swift */,
			);
			path = Logic;
			sourceTree = "<group>";
		};
		9FF6314420B0B73400B2444E /* View */ = {
			isa = PBXGroup;
			children = (
				9FF6314720B0B78A00B2444E /* HomePageViewController.swift */,
			);
			path = View;
			sourceTree = "<group>";
		};
/* End PBXGroup section */

/* Begin PBXNativeTarget section */
		9F7F672F20AE1EBA0045BBD4 /* Fines */ = {
			isa = PBXNativeTarget;
			buildConfigurationList = 9F7F674220AE1EBC0045BBD4 /* Build configuration list for PBXNativeTarget "Fines" */;
			buildPhases = (
				B720B9DFEF881165234C3104 /* [CP] Check Pods Manifest.lock */,
				9F7F672C20AE1EBA0045BBD4 /* Sources */,
				9F7F672D20AE1EBA0045BBD4 /* Frameworks */,
				9F7F672E20AE1EBA0045BBD4 /* Resources */,
				B00A2840831506EDA61D5B9E /* [CP] Embed Pods Frameworks */,
				EE37FA1353706099ADD953A2 /* [CP] Copy Pods Resources */,
			);
			buildRules = (
			);
			dependencies = (
			);
			name = Fines;
			productName = Fines;
			productReference = 9F7F673020AE1EBA0045BBD4 /* Fines.app */;
			productType = "com.apple.product-type.application";
		};
/* End PBXNativeTarget section */

/* Begin PBXProject section */
		9F7F672820AE1EBA0045BBD4 /* Project object */ = {
			isa = PBXProject;
			attributes = {
				LastSwiftUpdateCheck = 0930;
				LastUpgradeCheck = 0930;
				ORGANIZATIONNAME = "Владислав Пуличев";
				TargetAttributes = {
					9F7F672F20AE1EBA0045BBD4 = {
						CreatedOnToolsVersion = 9.3;
					};
				};
			};
			buildConfigurationList = 9F7F672B20AE1EBA0045BBD4 /* Build configuration list for PBXProject "Fines" */;
			compatibilityVersion = "Xcode 9.3";
			developmentRegion = en;
			hasScannedForEncodings = 0;
			knownRegions = (
				en,
				Base,
			);
			mainGroup = 9F7F672720AE1EBA0045BBD4;
			productRefGroup = 9F7F673120AE1EBA0045BBD4 /* Products */;
			projectDirPath = "";
			projectRoot = "";
			targets = (
				9F7F672F20AE1EBA0045BBD4 /* Fines */,
			);
		};
/* End PBXProject section */

/* Begin PBXResourcesBuildPhase section */
		9F7F672E20AE1EBA0045BBD4 /* Resources */ = {
			isa = PBXResourcesBuildPhase;
			buildActionMask = 2147483647;
			files = (
				9F7F678920AF587A0045BBD4 /* SF-Pro-Text-Semibold.otf in Resources */,
				9F7F673E20AE1EBC0045BBD4 /* LaunchScreen.storyboard in Resources */,
				9F7F678B20AF587A0045BBD4 /* SF-Pro-Text-Light.otf in Resources */,
				9FF6314620B0B75A00B2444E /* HomePage.storyboard in Resources */,
				9F7F675D20AEB1010045BBD4 /* Capabilities.storyboard in Resources */,
				9F7F673B20AE1EBC0045BBD4 /* Assets.xcassets in Resources */,
				9F7F675320AEAFEF0045BBD4 /* Onboarding.storyboard in Resources */,
				9F7F678A20AF587A0045BBD4 /* SF-Pro-Text-Regular.otf in Resources */,
				9F7F678C20AF587A0045BBD4 /* SF-Pro-Text-Medium.otf in Resources */,
			);
			runOnlyForDeploymentPostprocessing = 0;
		};
/* End PBXResourcesBuildPhase section */

/* Begin PBXShellScriptBuildPhase section */
		B00A2840831506EDA61D5B9E /* [CP] Embed Pods Frameworks */ = {
			isa = PBXShellScriptBuildPhase;
			buildActionMask = 2147483647;
			files = (
			);
			inputPaths = (
				"${SRCROOT}/Pods/Target Support Files/Pods-Fines/Pods-Fines-frameworks.sh",
				"${BUILT_PRODUCTS_DIR}/SQLite.swift/SQLite.framework",
				"${BUILT_PRODUCTS_DIR}/Swinject/Swinject.framework",
				"${BUILT_PRODUCTS_DIR}/SwinjectStoryboard/SwinjectStoryboard.framework",
			);
			name = "[CP] Embed Pods Frameworks";
			outputPaths = (
				"${TARGET_BUILD_DIR}/${FRAMEWORKS_FOLDER_PATH}/SQLite.framework",
				"${TARGET_BUILD_DIR}/${FRAMEWORKS_FOLDER_PATH}/Swinject.framework",
				"${TARGET_BUILD_DIR}/${FRAMEWORKS_FOLDER_PATH}/SwinjectStoryboard.framework",
			);
			runOnlyForDeploymentPostprocessing = 0;
			shellPath = /bin/sh;
			shellScript = "\"${SRCROOT}/Pods/Target Support Files/Pods-Fines/Pods-Fines-frameworks.sh\"\n";
			showEnvVarsInLog = 0;
		};
		B720B9DFEF881165234C3104 /* [CP] Check Pods Manifest.lock */ = {
			isa = PBXShellScriptBuildPhase;
			buildActionMask = 2147483647;
			files = (
			);
			inputPaths = (
				"${PODS_PODFILE_DIR_PATH}/Podfile.lock",
				"${PODS_ROOT}/Manifest.lock",
			);
			name = "[CP] Check Pods Manifest.lock";
			outputPaths = (
				"$(DERIVED_FILE_DIR)/Pods-Fines-checkManifestLockResult.txt",
			);
			runOnlyForDeploymentPostprocessing = 0;
			shellPath = /bin/sh;
			shellScript = "diff \"${PODS_PODFILE_DIR_PATH}/Podfile.lock\" \"${PODS_ROOT}/Manifest.lock\" > /dev/null\nif [ $? != 0 ] ; then\n    # print error to STDERR\n    echo \"error: The sandbox is not in sync with the Podfile.lock. Run 'pod install' or update your CocoaPods installation.\" >&2\n    exit 1\nfi\n# This output is used by Xcode 'outputs' to avoid re-running this script phase.\necho \"SUCCESS\" > \"${SCRIPT_OUTPUT_FILE_0}\"\n";
			showEnvVarsInLog = 0;
		};
		EE37FA1353706099ADD953A2 /* [CP] Copy Pods Resources */ = {
			isa = PBXShellScriptBuildPhase;
			buildActionMask = 2147483647;
			files = (
			);
			inputPaths = (
			);
			name = "[CP] Copy Pods Resources";
			outputPaths = (
			);
			runOnlyForDeploymentPostprocessing = 0;
			shellPath = /bin/sh;
			shellScript = "\"${SRCROOT}/Pods/Target Support Files/Pods-Fines/Pods-Fines-resources.sh\"\n";
			showEnvVarsInLog = 0;
		};
/* End PBXShellScriptBuildPhase section */

/* Begin PBXSourcesBuildPhase section */
		9F7F672C20AE1EBA0045BBD4 /* Sources */ = {
			isa = PBXSourcesBuildPhase;
			buildActionMask = 2147483647;
			files = (
				9F7F674920AE23690045BBD4 /* LicensePlateValidator.swift in Sources */,
				9FB0346420B01D7C0019BD79 /* Assets.swift in Sources */,
				9FB0346120B00F710019BD79 /* ServicesAssembly.swift in Sources */,
				9FF6314820B0B78A00B2444E /* HomePageViewController.swift in Sources */,
				9F7F674D20AE291E0045BBD4 /* String.swift in Sources */,
				9F7F678E20AF631E0045BBD4 /* LicenseInfoEnteringPresenter.swift in Sources */,
				9F7F674F20AE34970045BBD4 /* DriverLicenseValidator.swift in Sources */,
				9FF6313820B04E1400B2444E /* LicenseEnteringVCUIInfo.swift in Sources */,
				9FF6314A20B0B7AA00B2444E /* HomePagePresenter.swift in Sources */,
				9F7F678320AF55930045BBD4 /* LicenseInfoEnteringViewController.swift in Sources */,
				9FF6314020B0A1D200B2444E /* CapabilitiesViewController+PageDelegates.swift in Sources */,
				9FF6314F20B152EA00B2444E /* CapabilitiesAssembly.swift in Sources */,
				9F7F676020AEB17B0045BBD4 /* Router.swift in Sources */,
				9FB0345F20B00EAF0019BD79 /* OnboardingAssembly.swift in Sources */,
				9FF6313E20B092FE00B2444E /* CapabilitiesDataSource.swift in Sources */,
				9FF6313A20B0521E00B2444E /* CapabilitiesViewController.swift in Sources */,
				9FF6314D20B0BA6600B2444E /* HomePageAssembly.swift in Sources */,
				9F7F673420AE1EBA0045BBD4 /* AppDelegate.swift in Sources */,
				9FF6313C20B05C6A00B2444E /* CapabilityViewController.swift in Sources */,
				9FB0345D20B00DDD0019BD79 /* SwinjectAssembler.swift in Sources */,
			);
			runOnlyForDeploymentPostprocessing = 0;
		};
/* End PBXSourcesBuildPhase section */

/* Begin PBXVariantGroup section */
		9F7F673C20AE1EBC0045BBD4 /* LaunchScreen.storyboard */ = {
			isa = PBXVariantGroup;
			children = (
				9F7F673D20AE1EBC0045BBD4 /* Base */,
			);
			name = LaunchScreen.storyboard;
			sourceTree = "<group>";
		};
/* End PBXVariantGroup section */

/* Begin XCBuildConfiguration section */
		9F7F674020AE1EBC0045BBD4 /* Debug */ = {
			isa = XCBuildConfiguration;
			buildSettings = {
				ALWAYS_SEARCH_USER_PATHS = NO;
				CLANG_ANALYZER_NONNULL = YES;
				CLANG_ANALYZER_NUMBER_OBJECT_CONVERSION = YES_AGGRESSIVE;
				CLANG_CXX_LANGUAGE_STANDARD = "gnu++14";
				CLANG_CXX_LIBRARY = "libc++";
				CLANG_ENABLE_MODULES = YES;
				CLANG_ENABLE_OBJC_ARC = YES;
				CLANG_ENABLE_OBJC_WEAK = YES;
				CLANG_WARN_BLOCK_CAPTURE_AUTORELEASING = YES;
				CLANG_WARN_BOOL_CONVERSION = YES;
				CLANG_WARN_COMMA = YES;
				CLANG_WARN_CONSTANT_CONVERSION = YES;
				CLANG_WARN_DEPRECATED_OBJC_IMPLEMENTATIONS = YES;
				CLANG_WARN_DIRECT_OBJC_ISA_USAGE = YES_ERROR;
				CLANG_WARN_DOCUMENTATION_COMMENTS = YES;
				CLANG_WARN_EMPTY_BODY = YES;
				CLANG_WARN_ENUM_CONVERSION = YES;
				CLANG_WARN_INFINITE_RECURSION = YES;
				CLANG_WARN_INT_CONVERSION = YES;
				CLANG_WARN_NON_LITERAL_NULL_CONVERSION = YES;
				CLANG_WARN_OBJC_IMPLICIT_RETAIN_SELF = YES;
				CLANG_WARN_OBJC_LITERAL_CONVERSION = YES;
				CLANG_WARN_OBJC_ROOT_CLASS = YES_ERROR;
				CLANG_WARN_RANGE_LOOP_ANALYSIS = YES;
				CLANG_WARN_STRICT_PROTOTYPES = YES;
				CLANG_WARN_SUSPICIOUS_MOVE = YES;
				CLANG_WARN_UNGUARDED_AVAILABILITY = YES_AGGRESSIVE;
				CLANG_WARN_UNREACHABLE_CODE = YES;
				CLANG_WARN__DUPLICATE_METHOD_MATCH = YES;
				CODE_SIGN_IDENTITY = "iPhone Developer";
				COPY_PHASE_STRIP = NO;
				DEBUG_INFORMATION_FORMAT = dwarf;
				ENABLE_STRICT_OBJC_MSGSEND = YES;
				ENABLE_TESTABILITY = YES;
				GCC_C_LANGUAGE_STANDARD = gnu11;
				GCC_DYNAMIC_NO_PIC = NO;
				GCC_NO_COMMON_BLOCKS = YES;
				GCC_OPTIMIZATION_LEVEL = 0;
				GCC_PREPROCESSOR_DEFINITIONS = (
					"DEBUG=1",
					"$(inherited)",
				);
				GCC_WARN_64_TO_32_BIT_CONVERSION = YES;
				GCC_WARN_ABOUT_RETURN_TYPE = YES_ERROR;
				GCC_WARN_UNDECLARED_SELECTOR = YES;
				GCC_WARN_UNINITIALIZED_AUTOS = YES_AGGRESSIVE;
				GCC_WARN_UNUSED_FUNCTION = YES;
				GCC_WARN_UNUSED_VARIABLE = YES;
				IPHONEOS_DEPLOYMENT_TARGET = 11.3;
				MTL_ENABLE_DEBUG_INFO = YES;
				ONLY_ACTIVE_ARCH = YES;
				SDKROOT = iphoneos;
				SWIFT_ACTIVE_COMPILATION_CONDITIONS = DEBUG;
				SWIFT_OPTIMIZATION_LEVEL = "-Onone";
			};
			name = Debug;
		};
		9F7F674120AE1EBC0045BBD4 /* Release */ = {
			isa = XCBuildConfiguration;
			buildSettings = {
				ALWAYS_SEARCH_USER_PATHS = NO;
				CLANG_ANALYZER_NONNULL = YES;
				CLANG_ANALYZER_NUMBER_OBJECT_CONVERSION = YES_AGGRESSIVE;
				CLANG_CXX_LANGUAGE_STANDARD = "gnu++14";
				CLANG_CXX_LIBRARY = "libc++";
				CLANG_ENABLE_MODULES = YES;
				CLANG_ENABLE_OBJC_ARC = YES;
				CLANG_ENABLE_OBJC_WEAK = YES;
				CLANG_WARN_BLOCK_CAPTURE_AUTORELEASING = YES;
				CLANG_WARN_BOOL_CONVERSION = YES;
				CLANG_WARN_COMMA = YES;
				CLANG_WARN_CONSTANT_CONVERSION = YES;
				CLANG_WARN_DEPRECATED_OBJC_IMPLEMENTATIONS = YES;
				CLANG_WARN_DIRECT_OBJC_ISA_USAGE = YES_ERROR;
				CLANG_WARN_DOCUMENTATION_COMMENTS = YES;
				CLANG_WARN_EMPTY_BODY = YES;
				CLANG_WARN_ENUM_CONVERSION = YES;
				CLANG_WARN_INFINITE_RECURSION = YES;
				CLANG_WARN_INT_CONVERSION = YES;
				CLANG_WARN_NON_LITERAL_NULL_CONVERSION = YES;
				CLANG_WARN_OBJC_IMPLICIT_RETAIN_SELF = YES;
				CLANG_WARN_OBJC_LITERAL_CONVERSION = YES;
				CLANG_WARN_OBJC_ROOT_CLASS = YES_ERROR;
				CLANG_WARN_RANGE_LOOP_ANALYSIS = YES;
				CLANG_WARN_STRICT_PROTOTYPES = YES;
				CLANG_WARN_SUSPICIOUS_MOVE = YES;
				CLANG_WARN_UNGUARDED_AVAILABILITY = YES_AGGRESSIVE;
				CLANG_WARN_UNREACHABLE_CODE = YES;
				CLANG_WARN__DUPLICATE_METHOD_MATCH = YES;
				CODE_SIGN_IDENTITY = "iPhone Developer";
				COPY_PHASE_STRIP = NO;
				DEBUG_INFORMATION_FORMAT = "dwarf-with-dsym";
				ENABLE_NS_ASSERTIONS = NO;
				ENABLE_STRICT_OBJC_MSGSEND = YES;
				GCC_C_LANGUAGE_STANDARD = gnu11;
				GCC_NO_COMMON_BLOCKS = YES;
				GCC_WARN_64_TO_32_BIT_CONVERSION = YES;
				GCC_WARN_ABOUT_RETURN_TYPE = YES_ERROR;
				GCC_WARN_UNDECLARED_SELECTOR = YES;
				GCC_WARN_UNINITIALIZED_AUTOS = YES_AGGRESSIVE;
				GCC_WARN_UNUSED_FUNCTION = YES;
				GCC_WARN_UNUSED_VARIABLE = YES;
				IPHONEOS_DEPLOYMENT_TARGET = 11.3;
				MTL_ENABLE_DEBUG_INFO = NO;
				SDKROOT = iphoneos;
				SWIFT_COMPILATION_MODE = wholemodule;
				SWIFT_OPTIMIZATION_LEVEL = "-O";
				VALIDATE_PRODUCT = YES;
			};
			name = Release;
		};
		9F7F674320AE1EBC0045BBD4 /* Debug */ = {
			isa = XCBuildConfiguration;
			baseConfigurationReference = B05735E6C6D22D608B6C071D /* Pods-Fines.debug.xcconfig */;
			buildSettings = {
				ASSETCATALOG_COMPILER_APPICON_NAME = AppIcon;
				CODE_SIGN_STYLE = Automatic;
				DEVELOPMENT_TEAM = D8RV5S3P38;
				INFOPLIST_FILE = "$(SRCROOT)/Fines/Supporting files/Info.plist";
				IPHONEOS_DEPLOYMENT_TARGET = 10.0;
				LD_RUNPATH_SEARCH_PATHS = (
					"$(inherited)",
					"@executable_path/Frameworks",
				);
				PRODUCT_BUNDLE_IDENTIFIER = com.vp.Fines;
				PRODUCT_NAME = "$(TARGET_NAME)";
				SWIFT_VERSION = 4.0;
				TARGETED_DEVICE_FAMILY = "1,2";
			};
			name = Debug;
		};
		9F7F674420AE1EBC0045BBD4 /* Release */ = {
			isa = XCBuildConfiguration;
			baseConfigurationReference = 79B36CF1B78D774782A0F00A /* Pods-Fines.release.xcconfig */;
			buildSettings = {
				ASSETCATALOG_COMPILER_APPICON_NAME = AppIcon;
				CODE_SIGN_STYLE = Automatic;
				DEVELOPMENT_TEAM = D8RV5S3P38;
				INFOPLIST_FILE = "$(SRCROOT)/Fines/Supporting files/Info.plist";
				IPHONEOS_DEPLOYMENT_TARGET = 10.0;
				LD_RUNPATH_SEARCH_PATHS = (
					"$(inherited)",
					"@executable_path/Frameworks",
				);
				PRODUCT_BUNDLE_IDENTIFIER = com.vp.Fines;
				PRODUCT_NAME = "$(TARGET_NAME)";
				SWIFT_VERSION = 4.0;
				TARGETED_DEVICE_FAMILY = "1,2";
			};
			name = Release;
		};
/* End XCBuildConfiguration section */

/* Begin XCConfigurationList section */
		9F7F672B20AE1EBA0045BBD4 /* Build configuration list for PBXProject "Fines" */ = {
			isa = XCConfigurationList;
			buildConfigurations = (
				9F7F674020AE1EBC0045BBD4 /* Debug */,
				9F7F674120AE1EBC0045BBD4 /* Release */,
			);
			defaultConfigurationIsVisible = 0;
			defaultConfigurationName = Release;
		};
		9F7F674220AE1EBC0045BBD4 /* Build configuration list for PBXNativeTarget "Fines" */ = {
			isa = XCConfigurationList;
			buildConfigurations = (
				9F7F674320AE1EBC0045BBD4 /* Debug */,
				9F7F674420AE1EBC0045BBD4 /* Release */,
			);
			defaultConfigurationIsVisible = 0;
			defaultConfigurationName = Release;
		};
/* End XCConfigurationList section */
	};
	rootObject = 9F7F672820AE1EBA0045BBD4 /* Project object */;
}
